
Microsoft Visual Studio Solution File, Format Version 12.00
# Visual Studio 15
VisualStudioVersion = 15.0.27428.2015
MinimumVisualStudioVersion = 10.0.40219.1
Project("{FAE04EC0-301F-11D3-BF4B-00C04F79EFBC}") = "TestTask", "TestTask\TestTask.csproj", "{11C18658-B31F-4B44-856F-084C3E9BDACE}"
EndProject
Global
	GlobalSection(SolutionConfigurationPlatforms) = preSolution
		Debug|Any CPU = Debug|Any CPU
		Release|Any CPU = Release|Any CPU
	EndGlobalSection
	GlobalSection(ProjectConfigurationPlatforms) = postSolution
		{11C18658-B31F-4B44-856F-084C3E9BDACE}.Debug|Any CPU.ActiveCfg = Debug|Any CPU
		{11C18658-B31F-4B44-856F-084C3E9BDACE}.Debug|Any CPU.Build.0 = Debug|Any CPU
		{11C18658-B31F-4B44-856F-084C3E9BDACE}.Release|Any CPU.ActiveCfg = Release|Any CPU
		{11C18658-B31F-4B44-856F-084C3E9BDACE}.Release|Any CPU.Build.0 = Release|Any CPU
	EndGlobalSection
	GlobalSection(SolutionProperties) = preSolution
		HideSolutionNode = FALSE
	EndGlobalSection
	GlobalSection(ExtensibilityGlobals) = postSolution
		SolutionGuid = {7CADD206-32F4-415A-BAFA-200593ABAEDD}
	EndGlobalSection
EndGlobal
